
Microsoft Visual Studio Solution File, Format Version 12.00
# Visual Studio 2012
Project("{FAE04EC0-301F-11D3-BF4B-00C04F79EFBC}") = "InnerOuterLoopsFlowControl", "InnerOuterLoopsFlowControl\InnerOuterLoopsFlowControl.csproj", "{C258BFA1-50DA-452B-BC82-518D22BD1ABB}"
EndProject
Global
	GlobalSection(SolutionConfigurationPlatforms) = preSolution
		Debug|x86 = Debug|x86
		Release|x86 = Release|x86
	EndGlobalSection
	GlobalSection(ProjectConfigurationPlatforms) = postSolution
		{C258BFA1-50DA-452B-BC82-518D22BD1ABB}.Debug|x86.ActiveCfg = Debug|x86
		{C258BFA1-50DA-452B-BC82-518D22BD1ABB}.Debug|x86.Build.0 = Debug|x86
		{C258BFA1-50DA-452B-BC82-518D22BD1ABB}.Release|x86.ActiveCfg = Release|x86
		{C258BFA1-50DA-452B-BC82-518D22BD1ABB}.Release|x86.Build.0 = Release|x86
	EndGlobalSection
EndGlobal
